
Microsoft Visual Studio Solution File, Format Version 12.00
# Visual Studio Version 17
VisualStudioVersion = 17.0.31903.59
MinimumVisualStudioVersion = 10.0.40219.1
Project("{2150E333-8FDC-42A3-9474-1A3956D46DE8}") = "src", "src", "{827E0CD3-B72D-47B6-A68D-7590B98EB39B}"
EndProject
Project("{FAE04EC0-301F-11D3-BF4B-00C04F79EFBC}") = "Avility.Domain", "src\Avility.Domain\Avility.Domain.csproj", "{14118E37-DDA4-408B-9C2B-0055EECA84A3}"
EndProject
Project("{FAE04EC0-301F-11D3-BF4B-00C04F79EFBC}") = "Avility.Application", "src\Avility.Application\Avility.Application.csproj", "{F3992CDC-A75C-416B-AC1A-2BBA0CE14460}"
EndProject
Project("{FAE04EC0-301F-11D3-BF4B-00C04F79EFBC}") = "Avility.Infrastructure", "src\Avility.Infrastructure\Avility.Infrastructure.csproj", "{E067FEFC-9F4D-4497-B2FC-981001F26B59}"
EndProject
Project("{FAE04EC0-301F-11D3-BF4B-00C04F79EFBC}") = "Avility.API", "src\Avility.API\Avility.API.csproj", "{D4ECADAA-3668-4C91-BD16-245F206E0FF8}"
EndProject
Project("{2150E333-8FDC-42A3-9474-1A3956D46DE8}") = "tests", "tests", "{0AB3BF05-4346-4AA6-1389-037BE0695223}"
EndProject
Project("{FAE04EC0-301F-11D3-BF4B-00C04F79EFBC}") = "Avility.Domain.UnitTests", "tests\Avility.Domain.UnitTests\Avility.Domain.UnitTests.csproj", "{D4EC5735-D58C-41B6-AEF9-63E890E32742}"
EndProject
Project("{FAE04EC0-301F-11D3-BF4B-00C04F79EFBC}") = "Avility.Application.UnitTests", "tests\Avility.Application.UnitTests\Avility.Application.UnitTests.csproj", "{5C8260D0-578B-4E29-BCBA-559113708BD3}"
EndProject
Project("{FAE04EC0-301F-11D3-BF4B-00C04F79EFBC}") = "Avility.API.IntegrationTests", "tests\Avility.API.IntegrationTests\Avility.API.IntegrationTests.csproj", "{4CD4DC6E-CB19-4E35-9675-7E120B011D16}"
EndProject
Global
	GlobalSection(SolutionConfigurationPlatforms) = preSolution
		Debug|Any CPU = Debug|Any CPU
		Debug|x64 = Debug|x64
		Debug|x86 = Debug|x86
		Release|Any CPU = Release|Any CPU
		Release|x64 = Release|x64
		Release|x86 = Release|x86
	EndGlobalSection
	GlobalSection(ProjectConfigurationPlatforms) = postSolution
		{14118E37-DDA4-408B-9C2B-0055EECA84A3}.Debug|Any CPU.ActiveCfg = Debug|Any CPU
		{14118E37-DDA4-408B-9C2B-0055EECA84A3}.Debug|Any CPU.Build.0 = Debug|Any CPU
		{14118E37-DDA4-408B-9C2B-0055EECA84A3}.Debug|x64.ActiveCfg = Debug|Any CPU
		{14118E37-DDA4-408B-9C2B-0055EECA84A3}.Debug|x64.Build.0 = Debug|Any CPU
		{14118E37-DDA4-408B-9C2B-0055EECA84A3}.Debug|x86.ActiveCfg = Debug|Any CPU
		{14118E37-DDA4-408B-9C2B-0055EECA84A3}.Debug|x86.Build.0 = Debug|Any CPU
		{14118E37-DDA4-408B-9C2B-0055EECA84A3}.Release|Any CPU.ActiveCfg = Release|Any CPU
		{14118E37-DDA4-408B-9C2B-0055EECA84A3}.Release|Any CPU.Build.0 = Release|Any CPU
		{14118E37-DDA4-408B-9C2B-0055EECA84A3}.Release|x64.ActiveCfg = Release|Any CPU
		{14118E37-DDA4-408B-9C2B-0055EECA84A3}.Release|x64.Build.0 = Release|Any CPU
		{14118E37-DDA4-408B-9C2B-0055EECA84A3}.Release|x86.ActiveCfg = Release|Any CPU
		{14118E37-DDA4-408B-9C2B-0055EECA84A3}.Release|x86.Build.0 = Release|Any CPU
		{F3992CDC-A75C-416B-AC1A-2BBA0CE14460}.Debug|Any CPU.ActiveCfg = Debug|Any CPU
		{F3992CDC-A75C-416B-AC1A-2BBA0CE14460}.Debug|Any CPU.Build.0 = Debug|Any CPU
		{F3992CDC-A75C-416B-AC1A-2BBA0CE14460}.Debug|x64.ActiveCfg = Debug|Any CPU
		{F3992CDC-A75C-416B-AC1A-2BBA0CE14460}.Debug|x64.Build.0 = Debug|Any CPU
		{F3992CDC-A75C-416B-AC1A-2BBA0CE14460}.Debug|x86.ActiveCfg = Debug|Any CPU
		{F3992CDC-A75C-416B-AC1A-2BBA0CE14460}.Debug|x86.Build.0 = Debug|Any CPU
		{F3992CDC-A75C-416B-AC1A-2BBA0CE14460}.Release|Any CPU.ActiveCfg = Release|Any CPU
		{F3992CDC-A75C-416B-AC1A-2BBA0CE14460}.Release|Any CPU.Build.0 = Release|Any CPU
		{F3992CDC-A75C-416B-AC1A-2BBA0CE14460}.Release|x64.ActiveCfg = Release|Any CPU
		{F3992CDC-A75C-416B-AC1A-2BBA0CE14460}.Release|x64.Build.0 = Release|Any CPU
		{F3992CDC-A75C-416B-AC1A-2BBA0CE14460}.Release|x86.ActiveCfg = Release|Any CPU
		{F3992CDC-A75C-416B-AC1A-2BBA0CE14460}.Release|x86.Build.0 = Release|Any CPU
		{E067FEFC-9F4D-4497-B2FC-981001F26B59}.Debug|Any CPU.ActiveCfg = Debug|Any CPU
		{E067FEFC-9F4D-4497-B2FC-981001F26B59}.Debug|Any CPU.Build.0 = Debug|Any CPU
		{E067FEFC-9F4D-4497-B2FC-981001F26B59}.Debug|x64.ActiveCfg = Debug|Any CPU
		{E067FEFC-9F4D-4497-B2FC-981001F26B59}.Debug|x64.Build.0 = Debug|Any CPU
		{E067FEFC-9F4D-4497-B2FC-981001F26B59}.Debug|x86.ActiveCfg = Debug|Any CPU
		{E067FEFC-9F4D-4497-B2FC-981001F26B59}.Debug|x86.Build.0 = Debug|Any CPU
		{E067FEFC-9F4D-4497-B2FC-981001F26B59}.Release|Any CPU.ActiveCfg = Release|Any CPU
		{E067FEFC-9F4D-4497-B2FC-981001F26B59}.Release|Any CPU.Build.0 = Release|Any CPU
		{E067FEFC-9F4D-4497-B2FC-981001F26B59}.Release|x64.ActiveCfg = Release|Any CPU
		{E067FEFC-9F4D-4497-B2FC-981001F26B59}.Release|x64.Build.0 = Release|Any CPU
		{E067FEFC-9F4D-4497-B2FC-981001F26B59}.Release|x86.ActiveCfg = Release|Any CPU
		{E067FEFC-9F4D-4497-B2FC-981001F26B59}.Release|x86.Build.0 = Release|Any CPU
		{D4ECADAA-3668-4C91-BD16-245F206E0FF8}.Debug|Any CPU.ActiveCfg = Debug|Any CPU
		{D4ECADAA-3668-4C91-BD16-245F206E0FF8}.Debug|Any CPU.Build.0 = Debug|Any CPU
		{D4ECADAA-3668-4C91-BD16-245F206E0FF8}.Debug|x64.ActiveCfg = Debug|Any CPU
		{D4ECADAA-3668-4C91-BD16-245F206E0FF8}.Debug|x64.Build.0 = Debug|Any CPU
		{D4ECADAA-3668-4C91-BD16-245F206E0FF8}.Debug|x86.ActiveCfg = Debug|Any CPU
		{D4ECADAA-3668-4C91-BD16-245F206E0FF8}.Debug|x86.Build.0 = Debug|Any CPU
		{D4ECADAA-3668-4C91-BD16-245F206E0FF8}.Release|Any CPU.ActiveCfg = Release|Any CPU
		{D4ECADAA-3668-4C91-BD16-245F206E0FF8}.Release|Any CPU.Build.0 = Release|Any CPU
		{D4ECADAA-3668-4C91-BD16-245F206E0FF8}.Release|x64.ActiveCfg = Release|Any CPU
		{D4ECADAA-3668-4C91-BD16-245F206E0FF8}.Release|x64.Build.0 = Release|Any CPU
		{D4ECADAA-3668-4C91-BD16-245F206E0FF8}.Release|x86.ActiveCfg = Release|Any CPU
		{D4ECADAA-3668-4C91-BD16-245F206E0FF8}.Release|x86.Build.0 = Release|Any CPU
		{D4EC5735-D58C-41B6-AEF9-63E890E32742}.Debug|Any CPU.ActiveCfg = Debug|Any CPU
		{D4EC5735-D58C-41B6-AEF9-63E890E32742}.Debug|Any CPU.Build.0 = Debug|Any CPU
		{D4EC5735-D58C-41B6-AEF9-63E890E32742}.Debug|x64.ActiveCfg = Debug|Any CPU
		{D4EC5735-D58C-41B6-AEF9-63E890E32742}.Debug|x64.Build.0 = Debug|Any CPU
		{D4EC5735-D58C-41B6-AEF9-63E890E32742}.Debug|x86.ActiveCfg = Debug|Any CPU
		{D4EC5735-D58C-41B6-AEF9-63E890E32742}.Debug|x86.Build.0 = Debug|Any CPU
		{D4EC5735-D58C-41B6-AEF9-63E890E32742}.Release|Any CPU.ActiveCfg = Release|Any CPU
		{D4EC5735-D58C-41B6-AEF9-63E890E32742}.Release|Any CPU.Build.0 = Release|Any CPU
		{D4EC5735-D58C-41B6-AEF9-63E890E32742}.Release|x64.ActiveCfg = Release|Any CPU
		{D4EC5735-D58C-41B6-AEF9-63E890E32742}.Release|x64.Build.0 = Release|Any CPU
		{D4EC5735-D58C-41B6-AEF9-63E890E32742}.Release|x86.ActiveCfg = Release|Any CPU
		{D4EC5735-D58C-41B6-AEF9-63E890E32742}.Release|x86.Build.0 = Release|Any CPU
		{5C8260D0-578B-4E29-BCBA-559113708BD3}.Debug|Any CPU.ActiveCfg = Debug|Any CPU
		{5C8260D0-578B-4E29-BCBA-559113708BD3}.Debug|Any CPU.Build.0 = Debug|Any CPU
		{5C8260D0-578B-4E29-BCBA-559113708BD3}.Debug|x64.ActiveCfg = Debug|Any CPU
		{5C8260D0-578B-4E29-BCBA-559113708BD3}.Debug|x64.Build.0 = Debug|Any CPU
		{5C8260D0-578B-4E29-BCBA-559113708BD3}.Debug|x86.ActiveCfg = Debug|Any CPU
		{5C8260D0-578B-4E29-BCBA-559113708BD3}.Debug|x86.Build.0 = Debug|Any CPU
		{5C8260D0-578B-4E29-BCBA-559113708BD3}.Release|Any CPU.ActiveCfg = Release|Any CPU
		{5C8260D0-578B-4E29-BCBA-559113708BD3}.Release|Any CPU.Build.0 = Release|Any CPU
		{5C8260D0-578B-4E29-BCBA-559113708BD3}.Release|x64.ActiveCfg = Release|Any CPU
		{5C8260D0-578B-4E29-BCBA-559113708BD3}.Release|x64.Build.0 = Release|Any CPU
		{5C8260D0-578B-4E29-BCBA-559113708BD3}.Release|x86.ActiveCfg = Release|Any CPU
		{5C8260D0-578B-4E29-BCBA-559113708BD3}.Release|x86.Build.0 = Release|Any CPU
		{4CD4DC6E-CB19-4E35-9675-7E120B011D16}.Debug|Any CPU.ActiveCfg = Debug|Any CPU
		{4CD4DC6E-CB19-4E35-9675-7E120B011D16}.Debug|Any CPU.Build.0 = Debug|Any CPU
		{4CD4DC6E-CB19-4E35-9675-7E120B011D16}.Debug|x64.ActiveCfg = Debug|Any CPU
		{4CD4DC6E-CB19-4E35-9675-7E120B011D16}.Debug|x64.Build.0 = Debug|Any CPU
		{4CD4DC6E-CB19-4E35-9675-7E120B011D16}.Debug|x86.ActiveCfg = Debug|Any CPU
		{4CD4DC6E-CB19-4E35-9675-7E120B011D16}.Debug|x86.Build.0 = Debug|Any CPU
		{4CD4DC6E-CB19-4E35-9675-7E120B011D16}.Release|Any CPU.ActiveCfg = Release|Any CPU
		{4CD4DC6E-CB19-4E35-9675-7E120B011D16}.Release|Any CPU.Build.0 = Release|Any CPU
		{4CD4DC6E-CB19-4E35-9675-7E120B011D16}.Release|x64.ActiveCfg = Release|Any CPU
		{4CD4DC6E-CB19-4E35-9675-7E120B011D16}.Release|x64.Build.0 = Release|Any CPU
		{4CD4DC6E-CB19-4E35-9675-7E120B011D16}.Release|x86.ActiveCfg = Release|Any CPU
		{4CD4DC6E-CB19-4E35-9675-7E120B011D16}.Release|x86.Build.0 = Release|Any CPU
	EndGlobalSection
	GlobalSection(SolutionProperties) = preSolution
		HideSolutionNode = FALSE
	EndGlobalSection
	GlobalSection(NestedProjects) = preSolution
		{14118E37-DDA4-408B-9C2B-0055EECA84A3} = {827E0CD3-B72D-47B6-A68D-7590B98EB39B}
		{F3992CDC-A75C-416B-AC1A-2BBA0CE14460} = {827E0CD3-B72D-47B6-A68D-7590B98EB39B}
		{E067FEFC-9F4D-4497-B2FC-981001F26B59} = {827E0CD3-B72D-47B6-A68D-7590B98EB39B}
		{D4ECADAA-3668-4C91-BD16-245F206E0FF8} = {827E0CD3-B72D-47B6-A68D-7590B98EB39B}
		{D4EC5735-D58C-41B6-AEF9-63E890E32742} = {0AB3BF05-4346-4AA6-1389-037BE0695223}
		{5C8260D0-578B-4E29-BCBA-559113708BD3} = {0AB3BF05-4346-4AA6-1389-037BE0695223}
		{4CD4DC6E-CB19-4E35-9675-7E120B011D16} = {0AB3BF05-4346-4AA6-1389-037BE0695223}
	EndGlobalSection
EndGlobal
